
Microsoft Visual Studio Solution File, Format Version 12.00
# Visual Studio Version 16
VisualStudioVersion = 16.0.29613.14
MinimumVisualStudioVersion = 10.0.40219.1
Project("{8BC9CEB8-8B4A-11D0-8D11-00A0C91BC942}") = "lab1", "lab1\lab1.vcxproj", "{BD9E608B-39ED-438D-858A-66881C443890}"
EndProject
Project("{8BC9CEB8-8B4A-11D0-8D11-00A0C91BC942}") = "lab2", "lab2\lab2.vcxproj", "{9610D9FA-6E24-430D-BF29-752AD7E945C4}"
EndProject
Project("{8BC9CEB8-8B4A-11D0-8D11-00A0C91BC942}") = "lab3", "lab3\lab3.vcxproj", "{CBA5421F-696D-45CC-A51A-DD6649A7C52C}"
EndProject
Project("{8BC9CEB8-8B4A-11D0-8D11-00A0C91BC942}") = "lab4", "lab4\lab4.vcxproj", "{28A3D1E3-10B3-4260-83BE-610851F97050}"
EndProject
Global
	GlobalSection(SolutionConfigurationPlatforms) = preSolution
		Debug|x64 = Debug|x64
		Debug|x86 = Debug|x86
		Release|x64 = Release|x64
		Release|x86 = Release|x86
	EndGlobalSection
	GlobalSection(ProjectConfigurationPlatforms) = postSolution
		{BD9E608B-39ED-438D-858A-66881C443890}.Debug|x64.ActiveCfg = Debug|x64
		{BD9E608B-39ED-438D-858A-66881C443890}.Debug|x64.Build.0 = Debug|x64
		{BD9E608B-39ED-438D-858A-66881C443890}.Debug|x86.ActiveCfg = Debug|Win32
		{BD9E608B-39ED-438D-858A-66881C443890}.Debug|x86.Build.0 = Debug|Win32
		{BD9E608B-39ED-438D-858A-66881C443890}.Release|x64.ActiveCfg = Release|x64
		{BD9E608B-39ED-438D-858A-66881C443890}.Release|x64.Build.0 = Release|x64
		{BD9E608B-39ED-438D-858A-66881C443890}.Release|x86.ActiveCfg = Release|Win32
		{BD9E608B-39ED-438D-858A-66881C443890}.Release|x86.Build.0 = Release|Win32
		{9610D9FA-6E24-430D-BF29-752AD7E945C4}.Debug|x64.ActiveCfg = Debug|x64
		{9610D9FA-6E24-430D-BF29-752AD7E945C4}.Debug|x64.Build.0 = Debug|x64
		{9610D9FA-6E24-430D-BF29-752AD7E945C4}.Debug|x86.ActiveCfg = Debug|Win32
		{9610D9FA-6E24-430D-BF29-752AD7E945C4}.Debug|x86.Build.0 = Debug|Win32
		{9610D9FA-6E24-430D-BF29-752AD7E945C4}.Release|x64.ActiveCfg = Release|x64
		{9610D9FA-6E24-430D-BF29-752AD7E945C4}.Release|x64.Build.0 = Release|x64
		{9610D9FA-6E24-430D-BF29-752AD7E945C4}.Release|x86.ActiveCfg = Release|Win32
		{9610D9FA-6E24-430D-BF29-752AD7E945C4}.Release|x86.Build.0 = Release|Win32
		{CBA5421F-696D-45CC-A51A-DD6649A7C52C}.Debug|x64.ActiveCfg = Debug|x64
		{CBA5421F-696D-45CC-A51A-DD6649A7C52C}.Debug|x64.Build.0 = Debug|x64
		{CBA5421F-696D-45CC-A51A-DD6649A7C52C}.Debug|x86.ActiveCfg = Debug|Win32
		{CBA5421F-696D-45CC-A51A-DD6649A7C52C}.Debug|x86.Build.0 = Debug|Win32
		{CBA5421F-696D-45CC-A51A-DD6649A7C52C}.Release|x64.ActiveCfg = Release|x64
		{CBA5421F-696D-45CC-A51A-DD6649A7C52C}.Release|x64.Build.0 = Release|x64
		{CBA5421F-696D-45CC-A51A-DD6649A7C52C}.Release|x86.ActiveCfg = Release|Win32
		{CBA5421F-696D-45CC-A51A-DD6649A7C52C}.Release|x86.Build.0 = Release|Win32
		{28A3D1E3-10B3-4260-83BE-610851F97050}.Debug|x64.ActiveCfg = Debug|x64
		{28A3D1E3-10B3-4260-83BE-610851F97050}.Debug|x64.Build.0 = Debug|x64
		{28A3D1E3-10B3-4260-83BE-610851F97050}.Debug|x86.ActiveCfg = Debug|Win32
		{28A3D1E3-10B3-4260-83BE-610851F97050}.Debug|x86.Build.0 = Debug|Win32
		{28A3D1E3-10B3-4260-83BE-610851F97050}.Release|x64.ActiveCfg = Release|x64
		{28A3D1E3-10B3-4260-83BE-610851F97050}.Release|x64.Build.0 = Release|x64
		{28A3D1E3-10B3-4260-83BE-610851F97050}.Release|x86.ActiveCfg = Release|Win32
		{28A3D1E3-10B3-4260-83BE-610851F97050}.Release|x86.Build.0 = Release|Win32
	EndGlobalSection
	GlobalSection(SolutionProperties) = preSolution
		HideSolutionNode = FALSE
	EndGlobalSection
	GlobalSection(ExtensibilityGlobals) = postSolution
		SolutionGuid = {0D092964-4E38-4428-A207-58482B94D1AB}
	EndGlobalSection
EndGlobal
